{
  "name": "@deepakdumka/quantumcss",
  "version": "0.1.0",
  "lockfileVersion": 3,
  "requires": true,
  "packages": {
    "": {
      "name": "@deepakdumka/quantumcss",
      "version": "0.1.0",
      "license": "MIT",
      "dependencies": {
        "@deepakdumka/quantumcss": "^0.1.0"
      }
    },
    "node_modules/@deepakdumka/quantumcss": {
      "version": "0.1.0",
      "resolved": "https://registry.npmjs.org/@deepakdumka/quantumcss/-/quantumcss-0.1.0.tgz",
      "integrity": "sha512-lhH6KLAWZqXjysq0xO0SFGv/+ntGbmO64INu/VZsyRwtuPi5l7avdmg42iWb/sYcD3rWtQOi0NfN1NzQnY+Eww==",
      "license": "MIT"
    }
  }
}
